
Microsoft Visual Studio Solution File, Format Version 12.00
# Visual Studio 15
VisualStudioVersion = 15.0.28307.1082
MinimumVisualStudioVersion = 10.0.40219.1
Project("{FAE04EC0-301F-11D3-BF4B-00C04F79EFBC}") = "MasterSaveDemo", "MasterSaveDemo\MasterSaveDemo.csproj", "{50BC470A-755D-4C8F-9678-975F68AE0697}"
EndProject
Global
	GlobalSection(SolutionConfigurationPlatforms) = preSolution
		Debug|Any CPU = Debug|Any CPU
		Release|Any CPU = Release|Any CPU
	EndGlobalSection
	GlobalSection(ProjectConfigurationPlatforms) = postSolution
		{50BC470A-755D-4C8F-9678-975F68AE0697}.Debug|Any CPU.ActiveCfg = Debug|Any CPU
		{50BC470A-755D-4C8F-9678-975F68AE0697}.Debug|Any CPU.Build.0 = Debug|Any CPU
		{50BC470A-755D-4C8F-9678-975F68AE0697}.Release|Any CPU.ActiveCfg = Release|Any CPU
		{50BC470A-755D-4C8F-9678-975F68AE0697}.Release|Any CPU.Build.0 = Release|Any CPU
	EndGlobalSection
	GlobalSection(SolutionProperties) = preSolution
		HideSolutionNode = FALSE
	EndGlobalSection
	GlobalSection(ExtensibilityGlobals) = postSolution
		SolutionGuid = {E4189139-DA8D-430E-AB68-F4209948F9DB}
	EndGlobalSection
EndGlobal
